
Microsoft Visual Studio Solution File, Format Version 12.00
# Visual Studio Version 17
VisualStudioVersion = 17.14.36414.22 d17.14
MinimumVisualStudioVersion = 10.0.40219.1
Project("{FAE04EC0-301F-11D3-BF4B-00C04F79EFBC}") = "PROGPOE3", "PROGPOE3\PROGPOE3.csproj", "{A8230885-FA80-46D0-AFD1-F2B54A62C526}"
EndProject
Global
	GlobalSection(SolutionConfigurationPlatforms) = preSolution
		Debug|Any CPU = Debug|Any CPU
		Release|Any CPU = Release|Any CPU
	EndGlobalSection
	GlobalSection(ProjectConfigurationPlatforms) = postSolution
		{A8230885-FA80-46D0-AFD1-F2B54A62C526}.Debug|Any CPU.ActiveCfg = Debug|Any CPU
		{A8230885-FA80-46D0-AFD1-F2B54A62C526}.Debug|Any CPU.Build.0 = Debug|Any CPU
		{A8230885-FA80-46D0-AFD1-F2B54A62C526}.Release|Any CPU.ActiveCfg = Release|Any CPU
		{A8230885-FA80-46D0-AFD1-F2B54A62C526}.Release|Any CPU.Build.0 = Release|Any CPU
	EndGlobalSection
	GlobalSection(SolutionProperties) = preSolution
		HideSolutionNode = FALSE
	EndGlobalSection
	GlobalSection(ExtensibilityGlobals) = postSolution
		SolutionGuid = {7F938F01-4A41-4D96-9188-D22654CFAC13}
	EndGlobalSection
EndGlobal
